
Microsoft Visual Studio Solution File, Format Version 12.00
# Visual Studio Version 16
VisualStudioVersion = 16.0.29503.13
MinimumVisualStudioVersion = 10.0.40219.1
Project("{9A19103F-16F7-4668-BE54-9A1E7A4F7556}") = "CareerCloud.Pocos", "CareerCloud.Pocos\CareerCloud.Pocos.csproj", "{EEB96E91-1052-468F-A431-80E9CA92CDC0}"
EndProject
Project("{9A19103F-16F7-4668-BE54-9A1E7A4F7556}") = "CareerCloudCore.UnitTests.Assignment1", "CareerCloudCore.UnitTests.Assignment1\CareerCloudCore.UnitTests.Assignment1.csproj", "{7112A666-508A-43E1-B11E-93146A466C92}"
EndProject
Project("{FAE04EC0-301F-11D3-BF4B-00C04F79EFBC}") = "CareerCloud.DataAccessLayer", "CareerCloud.DataAccessLayer\CareerCloud.DataAccessLayer.csproj", "{062D3D1F-CDFC-4066-BE7E-FB531C83E8E9}"
EndProject
Project("{FAE04EC0-301F-11D3-BF4B-00C04F79EFBC}") = "CareerCloud.ADODataAccessLayer", "CareerCloud.ADODataAccessLayer\CareerCloud.ADODataAccessLayer.csproj", "{0AC312D6-A41F-4CF4-8107-366C60E40F16}"
EndProject
Global
	GlobalSection(SolutionConfigurationPlatforms) = preSolution
		Debug|Any CPU = Debug|Any CPU
		Release|Any CPU = Release|Any CPU
	EndGlobalSection
	GlobalSection(ProjectConfigurationPlatforms) = postSolution
		{EEB96E91-1052-468F-A431-80E9CA92CDC0}.Debug|Any CPU.ActiveCfg = Debug|Any CPU
		{EEB96E91-1052-468F-A431-80E9CA92CDC0}.Debug|Any CPU.Build.0 = Debug|Any CPU
		{EEB96E91-1052-468F-A431-80E9CA92CDC0}.Release|Any CPU.ActiveCfg = Release|Any CPU
		{EEB96E91-1052-468F-A431-80E9CA92CDC0}.Release|Any CPU.Build.0 = Release|Any CPU
		{7112A666-508A-43E1-B11E-93146A466C92}.Debug|Any CPU.ActiveCfg = Debug|Any CPU
		{7112A666-508A-43E1-B11E-93146A466C92}.Debug|Any CPU.Build.0 = Debug|Any CPU
		{7112A666-508A-43E1-B11E-93146A466C92}.Release|Any CPU.ActiveCfg = Release|Any CPU
		{7112A666-508A-43E1-B11E-93146A466C92}.Release|Any CPU.Build.0 = Release|Any CPU
		{062D3D1F-CDFC-4066-BE7E-FB531C83E8E9}.Debug|Any CPU.ActiveCfg = Debug|Any CPU
		{062D3D1F-CDFC-4066-BE7E-FB531C83E8E9}.Debug|Any CPU.Build.0 = Debug|Any CPU
		{062D3D1F-CDFC-4066-BE7E-FB531C83E8E9}.Release|Any CPU.ActiveCfg = Release|Any CPU
		{062D3D1F-CDFC-4066-BE7E-FB531C83E8E9}.Release|Any CPU.Build.0 = Release|Any CPU
		{0AC312D6-A41F-4CF4-8107-366C60E40F16}.Debug|Any CPU.ActiveCfg = Debug|Any CPU
		{0AC312D6-A41F-4CF4-8107-366C60E40F16}.Debug|Any CPU.Build.0 = Debug|Any CPU
		{0AC312D6-A41F-4CF4-8107-366C60E40F16}.Release|Any CPU.ActiveCfg = Release|Any CPU
		{0AC312D6-A41F-4CF4-8107-366C60E40F16}.Release|Any CPU.Build.0 = Release|Any CPU
	EndGlobalSection
	GlobalSection(SolutionProperties) = preSolution
		HideSolutionNode = FALSE
	EndGlobalSection
	GlobalSection(ExtensibilityGlobals) = postSolution
		SolutionGuid = {FC96EE3A-B4B3-4EED-A74E-A6FD16039F70}
	EndGlobalSection
EndGlobal
